{
  "nodes": {
    "nixos-appliance": {
      "inputs": {
        "nixpkgs": [
          "nixpkgs"
        ]
      },
      "locked": {
        "lastModified": 1703094667,
        "narHash": "sha256-ks5C4jPg83KxhuW4YKcrYST7zThynQGv2ZTxxvkEjLs=",
        "owner": "peter-marshall5",
        "repo": "nixos-appliance",
        "rev": "9fc1abf859cbba24a6c0ebc6fb56960eb3fb6e3a",
        "type": "github"
      },
      "original": {
        "owner": "peter-marshall5",
        "repo": "nixos-appliance",
        "type": "github"
      }
    },
    "nixpkgs": {
      "locked": {
        "lastModified": 1702921762,
        "narHash": "sha256-O/rP7gulApQAB47u6szEd8Pn8Biw0d84j5iuP2tcxzY=",
        "owner": "NixOS",
        "repo": "nixpkgs",
        "rev": "d02ffbbe834b5599fc5f134e644e49397eb07188",
        "type": "github"
      },
      "original": {
        "id": "nixpkgs",
        "ref": "nixos-23.11",
        "type": "indirect"
      }
    },
    "root": {
      "inputs": {
        "nixos-appliance": "nixos-appliance",
        "nixpkgs": "nixpkgs"
      }
    }
  },
  "root": "root",
  "version": 7
}
